Microsoft Visual Studio Solution File, Format Version 9.00
# Visual Studio 2005
Project("{8BC9CEB8-8B4A-11D0-8D11-00A0C91BC942}") = "oneD", "oneD\oneD.vcproj", "{AFF4EF88-C100-4297-A150-B6C4C5A98F25}"
	ProjectSection(WebsiteProperties) = preProject
		Debug.AspNetCompiler.Debug = "True"
		Release.AspNetCompiler.Debug = "False"
	EndProjectSection
EndProject
Project("{8BC9CEB8-8B4A-11D0-8D11-00A0C91BC942}") = "transport", "transport\transport.vcproj", "{0BEF3F54-8C5B-4E57-ABCE-B2E6E05B5E2D}"
	ProjectSection(WebsiteProperties) = preProject
		Debug.AspNetCompiler.Debug = "True"
		Release.AspNetCompiler.Debug = "False"
	EndProjectSection
EndProject
Project("{8BC9CEB8-8B4A-11D0-8D11-00A0C91BC942}") = "zeroD", "zeroD\zeroD.vcproj", "{9F1F6CE5-F388-4002-AD06-E1E0DB90CABD}"
	ProjectSection(WebsiteProperties) = preProject
		Debug.AspNetCompiler.Debug = "True"
		Release.AspNetCompiler.Debug = "False"
	EndProjectSection
EndProject
Project("{8BC9CEB8-8B4A-11D0-8D11-00A0C91BC942}") = "converters", "converters\converters.vcproj", "{5D8C2EA9-A90C-48A7-A541-180332B941DD}"
	ProjectSection(WebsiteProperties) = preProject
		Debug.AspNetCompiler.Debug = "True"
		Release.AspNetCompiler.Debug = "False"
	EndProjectSection
EndProject
Project("{8BC9CEB8-8B4A-11D0-8D11-00A0C91BC942}") = "tpx", "tpx\tpx.vcproj", "{A5DEA71E-15B1-4C59-94A8-01856D6E1F33}"
	ProjectSection(WebsiteProperties) = preProject
		Debug.AspNetCompiler.Debug = "True"
		Release.AspNetCompiler.Debug = "False"
	EndProjectSection
EndProject
Project("{8BC9CEB8-8B4A-11D0-8D11-00A0C91BC942}") = "f2c_blas", "f2c_blas\f2c_blas.vcproj", "{5D8EADA5-2E37-4311-AD07-605A0B21F577}"
	ProjectSection(WebsiteProperties) = preProject
		Debug.AspNetCompiler.Debug = "True"
		Release.AspNetCompiler.Debug = "False"
	EndProjectSection
EndProject
Project("{8BC9CEB8-8B4A-11D0-8D11-00A0C91BC942}") = "f2c_lapack", "f2c_lapack\f2c_lapack.vcproj", "{2701B198-FEC1-45A8-BC20-AACA46B64986}"
	ProjectSection(WebsiteProperties) = preProject
		Debug.AspNetCompiler.Debug = "True"
		Release.AspNetCompiler.Debug = "False"
	EndProjectSection
EndProject
Project("{8BC9CEB8-8B4A-11D0-8D11-00A0C91BC942}") = "ctcxx", "cxxutils\cxxutils.vcproj", "{E342202C-F877-43D0-8E66-D2A7794AC900}"
	ProjectSection(WebsiteProperties) = preProject
		Debug.AspNetCompiler.Debug = "True"
		Release.AspNetCompiler.Debug = "False"
	EndProjectSection
EndProject
Project("{8BC9CEB8-8B4A-11D0-8D11-00A0C91BC942}") = "clib", "clib\clib.vcproj", "{C885FEF3-86E5-47C2-8E39-E2A8F251EA8C}"
	ProjectSection(WebsiteProperties) = preProject
		Debug.AspNetCompiler.Debug = "True"
		Release.AspNetCompiler.Debug = "False"
	EndProjectSection
	ProjectSection(ProjectDependencies) = postProject
		{E342202C-F877-43D0-8E66-D2A7794AC900} = {E342202C-F877-43D0-8E66-D2A7794AC900}
		{5FD2CA3C-8968-4C49-9312-C2C96C4B59BC} = {5FD2CA3C-8968-4C49-9312-C2C96C4B59BC}
		{AFF4EF88-C100-4297-A150-B6C4C5A98F25} = {AFF4EF88-C100-4297-A150-B6C4C5A98F25}
		{2701B198-FEC1-45A8-BC20-AACA46B64986} = {2701B198-FEC1-45A8-BC20-AACA46B64986}
		{12D156A1-1BF6-42DF-8572-416AC1E9FC03} = {12D156A1-1BF6-42DF-8572-416AC1E9FC03}
		{5D8C2EA9-A90C-48A7-A541-180332B941DD} = {5D8C2EA9-A90C-48A7-A541-180332B941DD}
		{DD55E1AC-451C-422C-92BC-26E3F7AA137B} = {DD55E1AC-451C-422C-92BC-26E3F7AA137B}
		{AD56DAD7-108B-4E82-993E-1EC6A0DFD209} = {AD56DAD7-108B-4E82-993E-1EC6A0DFD209}
		{8CB43708-231A-4F80-B777-5F0A90CDB604} = {8CB43708-231A-4F80-B777-5F0A90CDB604}
		{5B4B5866-2B50-4E34-9F00-B5C12677B4B5} = {5B4B5866-2B50-4E34-9F00-B5C12677B4B5}
		{D76CE458-2A16-42DD-AE25-E282886C358F} = {D76CE458-2A16-42DD-AE25-E282886C358F}
		{127547E3-416C-4C12-82E9-52F912142FB5} = {127547E3-416C-4C12-82E9-52F912142FB5}
		{9F1F6CE5-F388-4002-AD06-E1E0DB90CABD} = {9F1F6CE5-F388-4002-AD06-E1E0DB90CABD}
		{D1FA7E59-712E-4CC0-ACCA-85F6E41C1C81} = {D1FA7E59-712E-4CC0-ACCA-85F6E41C1C81}
		{0BEF3F54-8C5B-4E57-ABCE-B2E6E05B5E2D} = {0BEF3F54-8C5B-4E57-ABCE-B2E6E05B5E2D}
		{FCF87E3E-B8A7-47CA-864E-87E0166CCD79} = {FCF87E3E-B8A7-47CA-864E-87E0166CCD79}
		{A5DEA71E-15B1-4C59-94A8-01856D6E1F33} = {A5DEA71E-15B1-4C59-94A8-01856D6E1F33}
		{5D8EADA5-2E37-4311-AD07-605A0B21F577} = {5D8EADA5-2E37-4311-AD07-605A0B21F577}
	EndProjectSection
EndProject
Project("{8BC9CEB8-8B4A-11D0-8D11-00A0C91BC942}") = "ck2cti", "ck2cti\ck2cti.vcproj", "{B5ADAEEF-F420-4BA5-A36E-4F1B0EEA27D0}"
	ProjectSection(WebsiteProperties) = preProject
		Debug.AspNetCompiler.Debug = "True"
		Release.AspNetCompiler.Debug = "False"
	EndProjectSection
	ProjectSection(ProjectDependencies) = postProject
		{5D8C2EA9-A90C-48A7-A541-180332B941DD} = {5D8C2EA9-A90C-48A7-A541-180332B941DD}
		{E342202C-F877-43D0-8E66-D2A7794AC900} = {E342202C-F877-43D0-8E66-D2A7794AC900}
		{D76CE458-2A16-42DD-AE25-E282886C358F} = {D76CE458-2A16-42DD-AE25-E282886C358F}
		{5DAFF608-0007-4EA3-AC5D-F573B77FA61C} = {5DAFF608-0007-4EA3-AC5D-F573B77FA61C}
	EndProjectSection
EndProject
Project("{8BC9CEB8-8B4A-11D0-8D11-00A0C91BC942}") = "f2c_libs", "f2c_libs\f2c_libs.vcproj", "{DD55E1AC-451C-422C-92BC-26E3F7AA137B}"
	ProjectSection(WebsiteProperties) = preProject
		Debug.AspNetCompiler.Debug = "True"
		Release.AspNetCompiler.Debug = "False"
	EndProjectSection
	ProjectSection(ProjectDependencies) = postProject
		{5DAFF608-0007-4EA3-AC5D-F573B77FA61C} = {5DAFF608-0007-4EA3-AC5D-F573B77FA61C}
	EndProjectSection
EndProject
Project("{8BC9CEB8-8B4A-11D0-8D11-00A0C91BC942}") = "f2c_math", "f2c_math\f2c_math.vcproj", "{127547E3-416C-4C12-82E9-52F912142FB5}"
	ProjectSection(WebsiteProperties) = preProject
		Debug.AspNetCompiler.Debug = "True"
		Release.AspNetCompiler.Debug = "False"
	EndProjectSection
EndProject
Project("{8BC9CEB8-8B4A-11D0-8D11-00A0C91BC942}") = "ctpython", "ctpython\ctpython.vcproj", "{ED939A01-860D-4E92-A892-E195CB311AB7}"
	ProjectSection(WebsiteProperties) = preProject
		Debug.AspNetCompiler.Debug = "True"
		Release.AspNetCompiler.Debug = "False"
	EndProjectSection
	ProjectSection(ProjectDependencies) = postProject
		{C885FEF3-86E5-47C2-8E39-E2A8F251EA8C} = {C885FEF3-86E5-47C2-8E39-E2A8F251EA8C}
	EndProjectSection
EndProject
Project("{54435603-DBB4-11D2-8724-00A0C9A8B90C}") = "SetupCantera", "SetupCantera\SetupCantera.vdproj", "{AB8F959E-9DD3-47F3-8DAA-98BC12927A79}"
	ProjectSection(WebsiteProperties) = preProject
		Debug.AspNetCompiler.Debug = "True"
		Release.AspNetCompiler.Debug = "False"
	EndProjectSection
EndProject
Project("{8BC9CEB8-8B4A-11D0-8D11-00A0C91BC942}") = "ctmatlab", "ctmatlab\ctmatlab.vcproj", "{92D13C3B-610D-4AD6-BB4D-DDA9E74EBD14}"
	ProjectSection(WebsiteProperties) = preProject
		Debug.AspNetCompiler.Debug = "True"
		Release.AspNetCompiler.Debug = "False"
	EndProjectSection
	ProjectSection(ProjectDependencies) = postProject
		{C885FEF3-86E5-47C2-8E39-E2A8F251EA8C} = {C885FEF3-86E5-47C2-8E39-E2A8F251EA8C}
	EndProjectSection
EndProject
Project("{8BC9CEB8-8B4A-11D0-8D11-00A0C91BC942}") = "config_h", "config_h\config_h.vcproj", "{5DAFF608-0007-4EA3-AC5D-F573B77FA61C}"
	ProjectSection(WebsiteProperties) = preProject
		Debug.AspNetCompiler.Debug = "True"
		Release.AspNetCompiler.Debug = "False"
	EndProjectSection
EndProject
Project("{8BC9CEB8-8B4A-11D0-8D11-00A0C91BC942}") = "NVEC_SER", "Sundials\NVEC_SER\NVEC_SER.vcproj", "{D1FA7E59-712E-4CC0-ACCA-85F6E41C1C81}"
	ProjectSection(WebsiteProperties) = preProject
		Debug.AspNetCompiler.Debug = "True"
		Release.AspNetCompiler.Debug = "False"
	EndProjectSection
EndProject
Project("{8BC9CEB8-8B4A-11D0-8D11-00A0C91BC942}") = "SUNDIALS_SHARED", "Sundials\SUNDIALS_SHARED\SUNDIALS_SHARED.vcproj", "{FCF87E3E-B8A7-47CA-864E-87E0166CCD79}"
	ProjectSection(WebsiteProperties) = preProject
		Debug.AspNetCompiler.Debug = "True"
		Release.AspNetCompiler.Debug = "False"
	EndProjectSection
EndProject
Project("{8BC9CEB8-8B4A-11D0-8D11-00A0C91BC942}") = "CVODES", "Sundials\CVODES\CVODES.vcproj", "{12D156A1-1BF6-42DF-8572-416AC1E9FC03}"
	ProjectSection(WebsiteProperties) = preProject
		Debug.AspNetCompiler.Debug = "True"
		Release.AspNetCompiler.Debug = "False"
	EndProjectSection
	ProjectSection(ProjectDependencies) = postProject
		{DD55E1AC-451C-422C-92BC-26E3F7AA137B} = {DD55E1AC-451C-422C-92BC-26E3F7AA137B}
		{5DAFF608-0007-4EA3-AC5D-F573B77FA61C} = {5DAFF608-0007-4EA3-AC5D-F573B77FA61C}
	EndProjectSection
EndProject
Project("{54435603-DBB4-11D2-8724-00A0C9A8B90C}") = "SetupCanteraLite", "SetupCantera\SetupCanteraLite.vdproj", "{6F530573-5D0C-4FEC-AB81-70FE059BDE5D}"
	ProjectSection(WebsiteProperties) = preProject
		Debug.AspNetCompiler.Debug = "True"
		Release.AspNetCompiler.Debug = "False"
	EndProjectSection
EndProject
Project("{8BC9CEB8-8B4A-11D0-8D11-00A0C91BC942}") = "base", "base\base.vcproj", "{D76CE458-2A16-42DD-AE25-E282886C358F}"
	ProjectSection(WebsiteProperties) = preProject
		Debug.AspNetCompiler.Debug = "True"
		Release.AspNetCompiler.Debug = "False"
	EndProjectSection
	ProjectSection(ProjectDependencies) = postProject
		{5DAFF608-0007-4EA3-AC5D-F573B77FA61C} = {5DAFF608-0007-4EA3-AC5D-F573B77FA61C}
	EndProjectSection
EndProject
Project("{8BC9CEB8-8B4A-11D0-8D11-00A0C91BC942}") = "numerics", "numerics\numerics.vcproj", "{AD56DAD7-108B-4E82-993E-1EC6A0DFD209}"
	ProjectSection(WebsiteProperties) = preProject
		Debug.AspNetCompiler.Debug = "True"
		Release.AspNetCompiler.Debug = "False"
	EndProjectSection
EndProject
Project("{8BC9CEB8-8B4A-11D0-8D11-00A0C91BC942}") = "thermo", "thermo\thermo.vcproj", "{5FD2CA3C-8968-4C49-9312-C2C96C4B59BC}"
	ProjectSection(WebsiteProperties) = preProject
		Debug.AspNetCompiler.Debug = "True"
		Release.AspNetCompiler.Debug = "False"
	EndProjectSection
	ProjectSection(ProjectDependencies) = postProject
		{5DAFF608-0007-4EA3-AC5D-F573B77FA61C} = {5DAFF608-0007-4EA3-AC5D-F573B77FA61C}
	EndProjectSection
EndProject
Project("{8BC9CEB8-8B4A-11D0-8D11-00A0C91BC942}") = "kinetics", "kinetics\kinetics.vcproj", "{8CB43708-231A-4F80-B777-5F0A90CDB604}"
	ProjectSection(WebsiteProperties) = preProject
		Debug.AspNetCompiler.Debug = "True"
		Release.AspNetCompiler.Debug = "False"
	EndProjectSection
EndProject
Project("{8BC9CEB8-8B4A-11D0-8D11-00A0C91BC942}") = "equil", "equil\equil.vcproj", "{5B4B5866-2B50-4E34-9F00-B5C12677B4B5}"
	ProjectSection(WebsiteProperties) = preProject
		Debug.AspNetCompiler.Debug = "True"
		Release.AspNetCompiler.Debug = "False"
	EndProjectSection
	ProjectSection(ProjectDependencies) = postProject
		{5DAFF608-0007-4EA3-AC5D-F573B77FA61C} = {5DAFF608-0007-4EA3-AC5D-F573B77FA61C}
	EndProjectSection
EndProject
Project("{8BC9CEB8-8B4A-11D0-8D11-00A0C91BC942}") = "csvdiff", "csvdiff\csvdiff.vcproj", "{AF888A7A-C325-4312-9BE0-CDA1B1E540E9}"
	ProjectSection(WebsiteProperties) = preProject
		Debug.AspNetCompiler.Debug = "True"
		Release.AspNetCompiler.Debug = "False"
	EndProjectSection
EndProject
Project("{8BC9CEB8-8B4A-11D0-8D11-00A0C91BC942}") = "base_h", "base_h\base_h.vcproj", "{108341B3-6686-47D0-A93F-CDE9E1EDC68F}"
	ProjectSection(WebsiteProperties) = preProject
		Debug.AspNetCompiler.Debug = "True"
		Release.AspNetCompiler.Debug = "False"
	EndProjectSection
EndProject
Project("{8BC9CEB8-8B4A-11D0-8D11-00A0C91BC942}") = "cti2ctml", "cti2ctml\cti2ctml.vcproj", "{4F5B4442-98E5-4B11-9239-CDF5148C1902}"
	ProjectSection(WebsiteProperties) = preProject
		Debug.AspNetCompiler.Debug = "True"
		Release.AspNetCompiler.Debug = "False"
	EndProjectSection
EndProject
Project("{54435603-DBB4-11D2-8724-00A0C9A8B90C}") = "SetupAlt", "SetupAlt\SetupAlt.vdproj", "{5CCFB08B-FFD7-436E-92C8-65A2CB3C83BD}"
	ProjectSection(WebsiteProperties) = preProject
		Debug.AspNetCompiler.Debug = "True"
		Release.AspNetCompiler.Debug = "False"
	EndProjectSection
EndProject
Global
	GlobalSection(SolutionConfigurationPlatforms) = preSolution
		Debug|Win32 = Debug|Win32
		Release|Win32 = Release|Win32
	EndGlobalSection
	GlobalSection(ProjectConfigurationPlatforms) = postSolution
		{AFF4EF88-C100-4297-A150-B6C4C5A98F25}.Debug|Win32.ActiveCfg = Debug|Win32
		{AFF4EF88-C100-4297-A150-B6C4C5A98F25}.Debug|Win32.Build.0 = Debug|Win32
		{AFF4EF88-C100-4297-A150-B6C4C5A98F25}.Release|Win32.ActiveCfg = Release|Win32
		{AFF4EF88-C100-4297-A150-B6C4C5A98F25}.Release|Win32.Build.0 = Release|Win32
		{0BEF3F54-8C5B-4E57-ABCE-B2E6E05B5E2D}.Debug|Win32.ActiveCfg = Debug|Win32
		{0BEF3F54-8C5B-4E57-ABCE-B2E6E05B5E2D}.Debug|Win32.Build.0 = Debug|Win32
		{0BEF3F54-8C5B-4E57-ABCE-B2E6E05B5E2D}.Release|Win32.ActiveCfg = Release|Win32
		{0BEF3F54-8C5B-4E57-ABCE-B2E6E05B5E2D}.Release|Win32.Build.0 = Release|Win32
		{9F1F6CE5-F388-4002-AD06-E1E0DB90CABD}.Debug|Win32.ActiveCfg = Debug|Win32
		{9F1F6CE5-F388-4002-AD06-E1E0DB90CABD}.Debug|Win32.Build.0 = Debug|Win32
		{9F1F6CE5-F388-4002-AD06-E1E0DB90CABD}.Release|Win32.ActiveCfg = Release|Win32
		{9F1F6CE5-F388-4002-AD06-E1E0DB90CABD}.Release|Win32.Build.0 = Release|Win32
		{5D8C2EA9-A90C-48A7-A541-180332B941DD}.Debug|Win32.ActiveCfg = Debug|Win32
		{5D8C2EA9-A90C-48A7-A541-180332B941DD}.Debug|Win32.Build.0 = Debug|Win32
		{5D8C2EA9-A90C-48A7-A541-180332B941DD}.Release|Win32.ActiveCfg = Release|Win32
		{5D8C2EA9-A90C-48A7-A541-180332B941DD}.Release|Win32.Build.0 = Release|Win32
		{A5DEA71E-15B1-4C59-94A8-01856D6E1F33}.Debug|Win32.ActiveCfg = Debug|Win32
		{A5DEA71E-15B1-4C59-94A8-01856D6E1F33}.Debug|Win32.Build.0 = Debug|Win32
		{A5DEA71E-15B1-4C59-94A8-01856D6E1F33}.Release|Win32.ActiveCfg = Release|Win32
		{A5DEA71E-15B1-4C59-94A8-01856D6E1F33}.Release|Win32.Build.0 = Release|Win32
		{5D8EADA5-2E37-4311-AD07-605A0B21F577}.Debug|Win32.ActiveCfg = Debug|Win32
		{5D8EADA5-2E37-4311-AD07-605A0B21F577}.Debug|Win32.Build.0 = Debug|Win32
		{5D8EADA5-2E37-4311-AD07-605A0B21F577}.Release|Win32.ActiveCfg = Release|Win32
		{5D8EADA5-2E37-4311-AD07-605A0B21F577}.Release|Win32.Build.0 = Release|Win32
		{2701B198-FEC1-45A8-BC20-AACA46B64986}.Debug|Win32.ActiveCfg = Debug|Win32
		{2701B198-FEC1-45A8-BC20-AACA46B64986}.Debug|Win32.Build.0 = Debug|Win32
		{2701B198-FEC1-45A8-BC20-AACA46B64986}.Release|Win32.ActiveCfg = Release|Win32
		{2701B198-FEC1-45A8-BC20-AACA46B64986}.Release|Win32.Build.0 = Release|Win32
		{E342202C-F877-43D0-8E66-D2A7794AC900}.Debug|Win32.ActiveCfg = Debug|Win32
		{E342202C-F877-43D0-8E66-D2A7794AC900}.Debug|Win32.Build.0 = Debug|Win32
		{E342202C-F877-43D0-8E66-D2A7794AC900}.Release|Win32.ActiveCfg = Release|Win32
		{E342202C-F877-43D0-8E66-D2A7794AC900}.Release|Win32.Build.0 = Release|Win32
		{C885FEF3-86E5-47C2-8E39-E2A8F251EA8C}.Debug|Win32.ActiveCfg = Debug|Win32
		{C885FEF3-86E5-47C2-8E39-E2A8F251EA8C}.Debug|Win32.Build.0 = Debug|Win32
		{C885FEF3-86E5-47C2-8E39-E2A8F251EA8C}.Release|Win32.ActiveCfg = Release|Win32
		{C885FEF3-86E5-47C2-8E39-E2A8F251EA8C}.Release|Win32.Build.0 = Release|Win32
		{B5ADAEEF-F420-4BA5-A36E-4F1B0EEA27D0}.Debug|Win32.ActiveCfg = Debug|Win32
		{B5ADAEEF-F420-4BA5-A36E-4F1B0EEA27D0}.Debug|Win32.Build.0 = Debug|Win32
		{B5ADAEEF-F420-4BA5-A36E-4F1B0EEA27D0}.Release|Win32.ActiveCfg = Release|Win32
		{B5ADAEEF-F420-4BA5-A36E-4F1B0EEA27D0}.Release|Win32.Build.0 = Release|Win32
		{DD55E1AC-451C-422C-92BC-26E3F7AA137B}.Debug|Win32.ActiveCfg = Debug|Win32
		{DD55E1AC-451C-422C-92BC-26E3F7AA137B}.Debug|Win32.Build.0 = Debug|Win32
		{DD55E1AC-451C-422C-92BC-26E3F7AA137B}.Release|Win32.ActiveCfg = Release|Win32
		{DD55E1AC-451C-422C-92BC-26E3F7AA137B}.Release|Win32.Build.0 = Release|Win32
		{127547E3-416C-4C12-82E9-52F912142FB5}.Debug|Win32.ActiveCfg = Debug|Win32
		{127547E3-416C-4C12-82E9-52F912142FB5}.Debug|Win32.Build.0 = Debug|Win32
		{127547E3-416C-4C12-82E9-52F912142FB5}.Release|Win32.ActiveCfg = Release|Win32
		{127547E3-416C-4C12-82E9-52F912142FB5}.Release|Win32.Build.0 = Release|Win32
		{ED939A01-860D-4E92-A892-E195CB311AB7}.Debug|Win32.ActiveCfg = Debug|Win32
		{ED939A01-860D-4E92-A892-E195CB311AB7}.Release|Win32.ActiveCfg = Release|Win32
		{ED939A01-860D-4E92-A892-E195CB311AB7}.Release|Win32.Build.0 = Release|Win32
		{AB8F959E-9DD3-47F3-8DAA-98BC12927A79}.Debug|Win32.ActiveCfg = Debug
		{AB8F959E-9DD3-47F3-8DAA-98BC12927A79}.Debug|Win32.Build.0 = Debug
		{AB8F959E-9DD3-47F3-8DAA-98BC12927A79}.Release|Win32.ActiveCfg = Release
		{AB8F959E-9DD3-47F3-8DAA-98BC12927A79}.Release|Win32.Build.0 = Release
		{92D13C3B-610D-4AD6-BB4D-DDA9E74EBD14}.Debug|Win32.ActiveCfg = Debug|Win32
		{92D13C3B-610D-4AD6-BB4D-DDA9E74EBD14}.Release|Win32.ActiveCfg = Release|Win32
		{92D13C3B-610D-4AD6-BB4D-DDA9E74EBD14}.Release|Win32.Build.0 = Release|Win32
		{5DAFF608-0007-4EA3-AC5D-F573B77FA61C}.Debug|Win32.ActiveCfg = Debug|Win32
		{5DAFF608-0007-4EA3-AC5D-F573B77FA61C}.Debug|Win32.Build.0 = Debug|Win32
		{5DAFF608-0007-4EA3-AC5D-F573B77FA61C}.Release|Win32.ActiveCfg = Release|Win32
		{5DAFF608-0007-4EA3-AC5D-F573B77FA61C}.Release|Win32.Build.0 = Release|Win32
		{D1FA7E59-712E-4CC0-ACCA-85F6E41C1C81}.Debug|Win32.ActiveCfg = Debug|Win32
		{D1FA7E59-712E-4CC0-ACCA-85F6E41C1C81}.Debug|Win32.Build.0 = Debug|Win32
		{D1FA7E59-712E-4CC0-ACCA-85F6E41C1C81}.Release|Win32.ActiveCfg = Release|Win32
		{D1FA7E59-712E-4CC0-ACCA-85F6E41C1C81}.Release|Win32.Build.0 = Release|Win32
		{FCF87E3E-B8A7-47CA-864E-87E0166CCD79}.Debug|Win32.ActiveCfg = Debug|Win32
		{FCF87E3E-B8A7-47CA-864E-87E0166CCD79}.Debug|Win32.Build.0 = Debug|Win32
		{FCF87E3E-B8A7-47CA-864E-87E0166CCD79}.Release|Win32.ActiveCfg = Release|Win32
		{FCF87E3E-B8A7-47CA-864E-87E0166CCD79}.Release|Win32.Build.0 = Release|Win32
		{12D156A1-1BF6-42DF-8572-416AC1E9FC03}.Debug|Win32.ActiveCfg = Debug|Win32
		{12D156A1-1BF6-42DF-8572-416AC1E9FC03}.Debug|Win32.Build.0 = Debug|Win32
		{12D156A1-1BF6-42DF-8572-416AC1E9FC03}.Release|Win32.ActiveCfg = Release|Win32
		{12D156A1-1BF6-42DF-8572-416AC1E9FC03}.Release|Win32.Build.0 = Release|Win32
		{6F530573-5D0C-4FEC-AB81-70FE059BDE5D}.Debug|Win32.ActiveCfg = Debug
		{6F530573-5D0C-4FEC-AB81-70FE059BDE5D}.Release|Win32.ActiveCfg = Release
		{D76CE458-2A16-42DD-AE25-E282886C358F}.Debug|Win32.ActiveCfg = Debug|Win32
		{D76CE458-2A16-42DD-AE25-E282886C358F}.Debug|Win32.Build.0 = Debug|Win32
		{D76CE458-2A16-42DD-AE25-E282886C358F}.Release|Win32.ActiveCfg = Release|Win32
		{D76CE458-2A16-42DD-AE25-E282886C358F}.Release|Win32.Build.0 = Release|Win32
		{AD56DAD7-108B-4E82-993E-1EC6A0DFD209}.Debug|Win32.ActiveCfg = Debug|Win32
		{AD56DAD7-108B-4E82-993E-1EC6A0DFD209}.Debug|Win32.Build.0 = Debug|Win32
		{AD56DAD7-108B-4E82-993E-1EC6A0DFD209}.Release|Win32.ActiveCfg = Release|Win32
		{AD56DAD7-108B-4E82-993E-1EC6A0DFD209}.Release|Win32.Build.0 = Release|Win32
		{5FD2CA3C-8968-4C49-9312-C2C96C4B59BC}.Debug|Win32.ActiveCfg = Debug|Win32
		{5FD2CA3C-8968-4C49-9312-C2C96C4B59BC}.Debug|Win32.Build.0 = Debug|Win32
		{5FD2CA3C-8968-4C49-9312-C2C96C4B59BC}.Release|Win32.ActiveCfg = Release|Win32
		{5FD2CA3C-8968-4C49-9312-C2C96C4B59BC}.Release|Win32.Build.0 = Release|Win32
		{8CB43708-231A-4F80-B777-5F0A90CDB604}.Debug|Win32.ActiveCfg = Debug|Win32
		{8CB43708-231A-4F80-B777-5F0A90CDB604}.Debug|Win32.Build.0 = Debug|Win32
		{8CB43708-231A-4F80-B777-5F0A90CDB604}.Release|Win32.ActiveCfg = Release|Win32
		{8CB43708-231A-4F80-B777-5F0A90CDB604}.Release|Win32.Build.0 = Release|Win32
		{5B4B5866-2B50-4E34-9F00-B5C12677B4B5}.Debug|Win32.ActiveCfg = Debug|Win32
		{5B4B5866-2B50-4E34-9F00-B5C12677B4B5}.Debug|Win32.Build.0 = Debug|Win32
		{5B4B5866-2B50-4E34-9F00-B5C12677B4B5}.Release|Win32.ActiveCfg = Release|Win32
		{5B4B5866-2B50-4E34-9F00-B5C12677B4B5}.Release|Win32.Build.0 = Release|Win32
		{AF888A7A-C325-4312-9BE0-CDA1B1E540E9}.Debug|Win32.ActiveCfg = Debug|Win32
		{AF888A7A-C325-4312-9BE0-CDA1B1E540E9}.Debug|Win32.Build.0 = Debug|Win32
		{AF888A7A-C325-4312-9BE0-CDA1B1E540E9}.Release|Win32.ActiveCfg = Release|Win32
		{AF888A7A-C325-4312-9BE0-CDA1B1E540E9}.Release|Win32.Build.0 = Release|Win32
		{108341B3-6686-47D0-A93F-CDE9E1EDC68F}.Debug|Win32.ActiveCfg = Debug|Win32
		{108341B3-6686-47D0-A93F-CDE9E1EDC68F}.Debug|Win32.Build.0 = Debug|Win32
		{108341B3-6686-47D0-A93F-CDE9E1EDC68F}.Release|Win32.ActiveCfg = Release|Win32
		{108341B3-6686-47D0-A93F-CDE9E1EDC68F}.Release|Win32.Build.0 = Release|Win32
		{4F5B4442-98E5-4B11-9239-CDF5148C1902}.Debug|Win32.ActiveCfg = Debug|Win32
		{4F5B4442-98E5-4B11-9239-CDF5148C1902}.Debug|Win32.Build.0 = Debug|Win32
		{4F5B4442-98E5-4B11-9239-CDF5148C1902}.Release|Win32.ActiveCfg = Release|Win32
		{4F5B4442-98E5-4B11-9239-CDF5148C1902}.Release|Win32.Build.0 = Release|Win32
		{5CCFB08B-FFD7-436E-92C8-65A2CB3C83BD}.Debug|Win32.ActiveCfg = Debug
		{5CCFB08B-FFD7-436E-92C8-65A2CB3C83BD}.Release|Win32.ActiveCfg = Release
	EndGlobalSection
	GlobalSection(SolutionProperties) = preSolution
		HideSolutionNode = FALSE
	EndGlobalSection
EndGlobal
