Microsoft Visual Studio Solution File, Format Version 8.00
Project("{8BC9CEB8-8B4A-11D0-8D11-00A0C91BC942}") = "ck2cti", "ck2cti\ck2cti.vcproj", "{B5ADAEEF-F420-4BA5-A36E-4F1B0EEA27D0}"
	ProjectSection(ProjectDependencies) = postProject
	EndProjectSection
EndProject
Project("{8BC9CEB8-8B4A-11D0-8D11-00A0C91BC942}") = "cti2ctml", "cti2ctml\cti2ctml.vcproj", "{4F5B4442-98E5-4B11-9239-CDF5148C1902}"
	ProjectSection(ProjectDependencies) = postProject
	EndProjectSection
EndProject
Project("{8BC9CEB8-8B4A-11D0-8D11-00A0C91BC942}") = "diamondSurf", "diamondSurf\diamondSurf.vcproj", "{D600ECB2-D432-4E4D-9D70-BF94AEF31485}"
	ProjectSection(ProjectDependencies) = postProject
	EndProjectSection
EndProject
Project("{8BC9CEB8-8B4A-11D0-8D11-00A0C91BC942}") = "silane_equil", "silane_equil\silane_equil.vcproj", "{290DC5E5-0016-4CCF-84D5-6B997DD3664A}"
	ProjectSection(ProjectDependencies) = postProject
	EndProjectSection
EndProject
Project("{8BC9CEB8-8B4A-11D0-8D11-00A0C91BC942}") = "surfkin", "surfkin\surfkin.vcproj", "{7A87791C-32F6-48B5-ADBB-A8E77DE13E16}"
	ProjectSection(ProjectDependencies) = postProject
	EndProjectSection
EndProject
Project("{8BC9CEB8-8B4A-11D0-8D11-00A0C91BC942}") = "cxx_examples", "cxx_examples\cxx_examples.vcproj", "{0E635864-A310-4468-9D97-9CE67B078C97}"
	ProjectSection(ProjectDependencies) = postProject
	EndProjectSection
EndProject
Project("{8BC9CEB8-8B4A-11D0-8D11-00A0C91BC942}") = "csvdiff", "csvdiff\csvdiff.vcproj", "{AF888A7A-C325-4312-9BE0-CDA1B1E540E9}"
	ProjectSection(ProjectDependencies) = postProject
	EndProjectSection
EndProject
Global
	GlobalSection(SolutionConfiguration) = preSolution
		Debug = Debug
		Release = Release
	EndGlobalSection
	GlobalSection(ProjectConfiguration) = postSolution
		{B5ADAEEF-F420-4BA5-A36E-4F1B0EEA27D0}.Debug.ActiveCfg = Debug|Win32
		{B5ADAEEF-F420-4BA5-A36E-4F1B0EEA27D0}.Debug.Build.0 = Debug|Win32
		{B5ADAEEF-F420-4BA5-A36E-4F1B0EEA27D0}.Release.ActiveCfg = Release|Win32
		{B5ADAEEF-F420-4BA5-A36E-4F1B0EEA27D0}.Release.Build.0 = Release|Win32
		{4F5B4442-98E5-4B11-9239-CDF5148C1902}.Debug.ActiveCfg = Debug|Win32
		{4F5B4442-98E5-4B11-9239-CDF5148C1902}.Debug.Build.0 = Debug|Win32
		{4F5B4442-98E5-4B11-9239-CDF5148C1902}.Release.ActiveCfg = Release|Win32
		{4F5B4442-98E5-4B11-9239-CDF5148C1902}.Release.Build.0 = Release|Win32
		{D600ECB2-D432-4E4D-9D70-BF94AEF31485}.Debug.ActiveCfg = Debug|Win32
		{D600ECB2-D432-4E4D-9D70-BF94AEF31485}.Debug.Build.0 = Debug|Win32
		{D600ECB2-D432-4E4D-9D70-BF94AEF31485}.Release.ActiveCfg = Release|Win32
		{D600ECB2-D432-4E4D-9D70-BF94AEF31485}.Release.Build.0 = Release|Win32
		{290DC5E5-0016-4CCF-84D5-6B997DD3664A}.Debug.ActiveCfg = Debug|Win32
		{290DC5E5-0016-4CCF-84D5-6B997DD3664A}.Debug.Build.0 = Debug|Win32
		{290DC5E5-0016-4CCF-84D5-6B997DD3664A}.Release.ActiveCfg = Release|Win32
		{290DC5E5-0016-4CCF-84D5-6B997DD3664A}.Release.Build.0 = Release|Win32
		{7A87791C-32F6-48B5-ADBB-A8E77DE13E16}.Debug.ActiveCfg = Debug|Win32
		{7A87791C-32F6-48B5-ADBB-A8E77DE13E16}.Debug.Build.0 = Debug|Win32
		{7A87791C-32F6-48B5-ADBB-A8E77DE13E16}.Release.ActiveCfg = Release|Win32
		{7A87791C-32F6-48B5-ADBB-A8E77DE13E16}.Release.Build.0 = Release|Win32
		{0E635864-A310-4468-9D97-9CE67B078C97}.Debug.ActiveCfg = Debug|Win32
		{0E635864-A310-4468-9D97-9CE67B078C97}.Debug.Build.0 = Debug|Win32
		{0E635864-A310-4468-9D97-9CE67B078C97}.Release.ActiveCfg = Release|Win32
		{0E635864-A310-4468-9D97-9CE67B078C97}.Release.Build.0 = Release|Win32
		{AF888A7A-C325-4312-9BE0-CDA1B1E540E9}.Debug.ActiveCfg = Debug|Win32
		{AF888A7A-C325-4312-9BE0-CDA1B1E540E9}.Debug.Build.0 = Debug|Win32
		{AF888A7A-C325-4312-9BE0-CDA1B1E540E9}.Release.ActiveCfg = Release|Win32
		{AF888A7A-C325-4312-9BE0-CDA1B1E540E9}.Release.Build.0 = Release|Win32
	EndGlobalSection
	GlobalSection(ExtensibilityGlobals) = postSolution
	EndGlobalSection
	GlobalSection(ExtensibilityAddIns) = postSolution
	EndGlobalSection
EndGlobal
