Microsoft Visual Studio Solution File, Format Version 8.00
Project("{8BC9CEB8-8B4A-11D0-8D11-00A0C91BC942}") = "demo", "demo.vcproj", "{F0FBA57E-6E65-46E6-9DDD-2625E7082189}"
	ProjectSection(ProjectDependencies) = postProject
	EndProjectSection
EndProject
Project("{8BC9CEB8-8B4A-11D0-8D11-00A0C91BC942}") = "combustor", "combustor.vcproj", "{25A7DE6A-30B8-4878-889B-F7D9D51E005E}"
	ProjectSection(ProjectDependencies) = postProject
	EndProjectSection
EndProject
Project("{8BC9CEB8-8B4A-11D0-8D11-00A0C91BC942}") = "flamespeed", "flamespeed.vcproj", "{25A7DE6A-30B8-4878-889B-F7D9D51E005E}"
	ProjectSection(ProjectDependencies) = postProject
	EndProjectSection
EndProject
Project("{8BC9CEB8-8B4A-11D0-8D11-00A0C91BC942}") = "kinetics1", "kinetics1.vcproj", "{25A7DE6A-30B8-4878-889B-F7D9D51E005E}"
	ProjectSection(ProjectDependencies) = postProject
	EndProjectSection
EndProject
Project("{8BC9CEB8-8B4A-11D0-8D11-00A0C91BC942}") = "NASA_coeffs", "NASA_coeffs.vcproj", "{25A7DE6A-30B8-4878-889B-F7D9D51E005E}"
	ProjectSection(ProjectDependencies) = postProject
	EndProjectSection
EndProject
Project("{8BC9CEB8-8B4A-11D0-8D11-00A0C91BC942}") = "Rankine", "Rankine.vcproj", "{25A7DE6A-30B8-4878-889B-F7D9D51E005E}"
	ProjectSection(ProjectDependencies) = postProject
	EndProjectSection
EndProject
Global
	GlobalSection(SolutionConfiguration) = preSolution
		Debug = Debug
		Release = Release
	EndGlobalSection
	GlobalSection(ProjectConfiguration) = postSolution
		{F0FBA57E-6E65-46E6-9DDD-2625E7082189}.Debug.ActiveCfg = Debug|Win32
		{F0FBA57E-6E65-46E6-9DDD-2625E7082189}.Debug.Build.0 = Debug|Win32
		{F0FBA57E-6E65-46E6-9DDD-2625E7082189}.Release.ActiveCfg = Release|Win32
		{F0FBA57E-6E65-46E6-9DDD-2625E7082189}.Release.Build.0 = Release|Win32
		{25A7DE6A-30B8-4878-889B-F7D9D51E005E}.Debug.ActiveCfg = Debug|Win32
		{25A7DE6A-30B8-4878-889B-F7D9D51E005E}.Debug.Build.0 = Debug|Win32
		{25A7DE6A-30B8-4878-889B-F7D9D51E005E}.Release.ActiveCfg = Release|Win32
		{25A7DE6A-30B8-4878-889B-F7D9D51E005E}.Release.Build.0 = Release|Win32
		{25A7DE6A-30B8-4878-889B-F7D9D51E005E}.Debug.ActiveCfg = Debug|Win32
		{25A7DE6A-30B8-4878-889B-F7D9D51E005E}.Debug.Build.0 = Debug|Win32
		{25A7DE6A-30B8-4878-889B-F7D9D51E005E}.Release.ActiveCfg = Release|Win32
		{25A7DE6A-30B8-4878-889B-F7D9D51E005E}.Release.Build.0 = Release|Win32
		{25A7DE6A-30B8-4878-889B-F7D9D51E005E}.Debug.ActiveCfg = Debug|Win32
		{25A7DE6A-30B8-4878-889B-F7D9D51E005E}.Debug.Build.0 = Debug|Win32
		{25A7DE6A-30B8-4878-889B-F7D9D51E005E}.Release.ActiveCfg = Release|Win32
		{25A7DE6A-30B8-4878-889B-F7D9D51E005E}.Release.Build.0 = Release|Win32
		{25A7DE6A-30B8-4878-889B-F7D9D51E005E}.Debug.ActiveCfg = Debug|Win32
		{25A7DE6A-30B8-4878-889B-F7D9D51E005E}.Debug.Build.0 = Debug|Win32
		{25A7DE6A-30B8-4878-889B-F7D9D51E005E}.Release.ActiveCfg = Release|Win32
		{25A7DE6A-30B8-4878-889B-F7D9D51E005E}.Release.Build.0 = Release|Win32
		{25A7DE6A-30B8-4878-889B-F7D9D51E005E}.Debug.ActiveCfg = Debug|Win32
		{25A7DE6A-30B8-4878-889B-F7D9D51E005E}.Debug.Build.0 = Debug|Win32
		{25A7DE6A-30B8-4878-889B-F7D9D51E005E}.Release.ActiveCfg = Release|Win32
		{25A7DE6A-30B8-4878-889B-F7D9D51E005E}.Release.Build.0 = Release|Win32
	EndGlobalSection
	GlobalSection(ExtensibilityGlobals) = postSolution
	EndGlobalSection
	GlobalSection(ExtensibilityAddIns) = postSolution
	EndGlobalSection
EndGlobal
