
Microsoft Visual Studio Solution File, Format Version 12.00
# Visual Studio Version 16
VisualStudioVersion = 16.0.30114.105
MinimumVisualStudioVersion = 10.0.40219.1
Project("{FAE04EC0-301F-11D3-BF4B-00C04F79EFBC}") = "Cantera", "Cantera\Cantera.csproj", "{9FAB2B8A-5BAA-4D44-B0E4-1B00A45A7DAC}"
EndProject
Project("{FAE04EC0-301F-11D3-BF4B-00C04F79EFBC}") = "Cantera.Tests", "Cantera.Tests\Cantera.Tests.csproj", "{55B543FD-7CDF-4147-8B52-15894B92B6EE}"
EndProject
Project("{2150E333-8FDC-42A3-9474-1A3956D46DE8}") = "examples", "examples", "{94A48235-04A4-4B09-844C-9A07120430B1}"
EndProject
Project("{FAE04EC0-301F-11D3-BF4B-00C04F79EFBC}") = "SoundSpeed", "examples\SoundSpeed\SoundSpeed.csproj", "{FC37B09C-F14F-4B23-BC6B-AA8A3DC3463D}"
EndProject
Project("{FAE04EC0-301F-11D3-BF4B-00C04F79EFBC}") = "Application", "examples\Application\Application.csproj", "{B78E1156-3E56-4C29-A33F-3E6810DBD9A9}"
EndProject
Global
	GlobalSection(SolutionConfigurationPlatforms) = preSolution
		Debug|Any CPU = Debug|Any CPU
		Release|Any CPU = Release|Any CPU
	EndGlobalSection
	GlobalSection(SolutionProperties) = preSolution
		HideSolutionNode = FALSE
	EndGlobalSection
	GlobalSection(ProjectConfigurationPlatforms) = postSolution
		{9FAB2B8A-5BAA-4D44-B0E4-1B00A45A7DAC}.Debug|Any CPU.ActiveCfg = Debug|Any CPU
		{9FAB2B8A-5BAA-4D44-B0E4-1B00A45A7DAC}.Debug|Any CPU.Build.0 = Debug|Any CPU
		{9FAB2B8A-5BAA-4D44-B0E4-1B00A45A7DAC}.Release|Any CPU.ActiveCfg = Release|Any CPU
		{9FAB2B8A-5BAA-4D44-B0E4-1B00A45A7DAC}.Release|Any CPU.Build.0 = Release|Any CPU
		{55B543FD-7CDF-4147-8B52-15894B92B6EE}.Debug|Any CPU.ActiveCfg = Debug|Any CPU
		{55B543FD-7CDF-4147-8B52-15894B92B6EE}.Debug|Any CPU.Build.0 = Debug|Any CPU
		{55B543FD-7CDF-4147-8B52-15894B92B6EE}.Release|Any CPU.ActiveCfg = Release|Any CPU
		{55B543FD-7CDF-4147-8B52-15894B92B6EE}.Release|Any CPU.Build.0 = Release|Any CPU
		{FC37B09C-F14F-4B23-BC6B-AA8A3DC3463D}.Debug|Any CPU.ActiveCfg = Debug|Any CPU
		{FC37B09C-F14F-4B23-BC6B-AA8A3DC3463D}.Debug|Any CPU.Build.0 = Debug|Any CPU
		{FC37B09C-F14F-4B23-BC6B-AA8A3DC3463D}.Release|Any CPU.ActiveCfg = Release|Any CPU
		{FC37B09C-F14F-4B23-BC6B-AA8A3DC3463D}.Release|Any CPU.Build.0 = Release|Any CPU
		{B78E1156-3E56-4C29-A33F-3E6810DBD9A9}.Debug|Any CPU.ActiveCfg = Debug|Any CPU
		{B78E1156-3E56-4C29-A33F-3E6810DBD9A9}.Debug|Any CPU.Build.0 = Debug|Any CPU
		{B78E1156-3E56-4C29-A33F-3E6810DBD9A9}.Release|Any CPU.ActiveCfg = Release|Any CPU
		{B78E1156-3E56-4C29-A33F-3E6810DBD9A9}.Release|Any CPU.Build.0 = Release|Any CPU
	EndGlobalSection
	GlobalSection(NestedProjects) = preSolution
		{FC37B09C-F14F-4B23-BC6B-AA8A3DC3463D} = {94A48235-04A4-4B09-844C-9A07120430B1}
		{B78E1156-3E56-4C29-A33F-3E6810DBD9A9} = {94A48235-04A4-4B09-844C-9A07120430B1}
	EndGlobalSection
EndGlobal
